// !$*UTF8*$!
{
	archiveVersion = 1;
	classes = {
	};
	objectVersion = 56;
	objects = {

/* Begin PBXBuildFile section */
		D5571CEB2AA484FD00F676F5 /* AppDelegate.swift in Sources */ = {isa = PBXBuildFile; fileRef = D5571CEA2AA484FD00F676F5 /* AppDelegate.swift */; };
		D5571CED2AA484FD00F676F5 /* SceneDelegate.swift in Sources */ = {isa = PBXBuildFile; fileRef = D5571CEC2AA484FD00F676F5 /* SceneDelegate.swift */; };
		D5571CF42AA484FE00F676F5 /* Assets.xcassets in Resources */ = {isa = PBXBuildFile; fileRef = D5571CF32AA484FE00F676F5 /* Assets.xcassets */; };
		D5571CF72AA484FE00F676F5 /* LaunchScreen.storyboard in Resources */ = {isa = PBXBuildFile; fileRef = D5571CF52AA484FE00F676F5 /* LaunchScreen.storyboard */; };
		D5571D022AA484FE00F676F5 /* RickAndMortyDBTests.swift in Sources */ = {isa = PBXBuildFile; fileRef = D5571D012AA484FE00F676F5 /* RickAndMortyDBTests.swift */; };
		D5571D232AA486C400F676F5 /* CharacterSearchViewController.swift in Sources */ = {isa = PBXBuildFile; fileRef = D5571D222AA486C400F676F5 /* CharacterSearchViewController.swift */; };
		D5571D262AA4880C00F676F5 /* RxCocoa in Frameworks */ = {isa = PBXBuildFile; productRef = D5571D252AA4880C00F676F5 /* RxCocoa */; };
		D5571D282AA4880C00F676F5 /* RxRelay in Frameworks */ = {isa = PBXBuildFile; productRef = D5571D272AA4880C00F676F5 /* RxRelay */; };
		D5571D2A2AA4880C00F676F5 /* RxSwift in Frameworks */ = {isa = PBXBuildFile; productRef = D5571D292AA4880C00F676F5 /* RxSwift */; };
		D5571D2F2AA4882000F676F5 /* SnapKit in Frameworks */ = {isa = PBXBuildFile; productRef = D5571D2E2AA4882000F676F5 /* SnapKit */; };
		D5571D322AA4883F00F676F5 /* RxKeyboard in Frameworks */ = {isa = PBXBuildFile; productRef = D5571D312AA4883F00F676F5 /* RxKeyboard */; };
		D5571D362AA4891A00F676F5 /* RMTabBarController.swift in Sources */ = {isa = PBXBuildFile; fileRef = D5571D352AA4891A00F676F5 /* RMTabBarController.swift */; };
		D5571D392AA48DAD00F676F5 /* RxTest in Frameworks */ = {isa = PBXBuildFile; productRef = D5571D382AA48DAD00F676F5 /* RxTest */; };
		D5571D3D2AA49AF000F676F5 /* RMLocation.swift in Sources */ = {isa = PBXBuildFile; fileRef = D5571D3C2AA49AF000F676F5 /* RMLocation.swift */; };
		D5571D3F2AA49AF800F676F5 /* RMCharacter.swift in Sources */ = {isa = PBXBuildFile; fileRef = D5571D3E2AA49AF800F676F5 /* RMCharacter.swift */; };
		D5571D412AA49AFF00F676F5 /* RMEpisode.swift in Sources */ = {isa = PBXBuildFile; fileRef = D5571D402AA49AFF00F676F5 /* RMEpisode.swift */; };
		D5571D432AA58BE400F676F5 /* RMCharacterStatus.swift in Sources */ = {isa = PBXBuildFile; fileRef = D5571D422AA58BE400F676F5 /* RMCharacterStatus.swift */; };
		D5571D452AA58C3500F676F5 /* RMGender.swift in Sources */ = {isa = PBXBuildFile; fileRef = D5571D442AA58C3500F676F5 /* RMGender.swift */; };
		D5571D482AA58E9F00F676F5 /* HTTPClient.swift in Sources */ = {isa = PBXBuildFile; fileRef = D5571D472AA58E9F00F676F5 /* HTTPClient.swift */; };
		D5571D4C2AA58F3200F676F5 /* CharacterTarget.swift in Sources */ = {isa = PBXBuildFile; fileRef = D5571D4B2AA58F3200F676F5 /* CharacterTarget.swift */; };
		D5571D4E2AA58F4100F676F5 /* APIComponent.swift in Sources */ = {isa = PBXBuildFile; fileRef = D5571D4D2AA58F4100F676F5 /* APIComponent.swift */; };
		D5571D502AA5A1D900F676F5 /* Request.swift in Sources */ = {isa = PBXBuildFile; fileRef = D5571D4F2AA5A1D900F676F5 /* Request.swift */; };
		D5571D522AA5A50500F676F5 /* Request+Extension.swift in Sources */ = {isa = PBXBuildFile; fileRef = D5571D512AA5A50500F676F5 /* Request+Extension.swift */; };
		D5571D552AA8143A00F676F5 /* RequestProvider.swift in Sources */ = {isa = PBXBuildFile; fileRef = D5571D542AA8143A00F676F5 /* RequestProvider.swift */; };
		D5571D572AA9A36400F676F5 /* Network.swift in Sources */ = {isa = PBXBuildFile; fileRef = D5571D562AA9A36400F676F5 /* Network.swift */; };
		D5571D592AA9ACC400F676F5 /* RMInfo.swift in Sources */ = {isa = PBXBuildFile; fileRef = D5571D582AA9ACC400F676F5 /* RMInfo.swift */; };
		D5571D5B2AA9EDEF00F676F5 /* CharacterListView.swift in Sources */ = {isa = PBXBuildFile; fileRef = D5571D5A2AA9EDEF00F676F5 /* CharacterListView.swift */; };
		D5571D5D2AA9EF9500F676F5 /* CharacterListViewModel.swift in Sources */ = {isa = PBXBuildFile; fileRef = D5571D5C2AA9EF9500F676F5 /* CharacterListViewModel.swift */; };
		D5571D602AA9EFC600F676F5 /* ViewModelType.swift in Sources */ = {isa = PBXBuildFile; fileRef = D5571D5F2AA9EFC600F676F5 /* ViewModelType.swift */; };
		D5571D622AA9F14F00F676F5 /* UIView+Extension.swift in Sources */ = {isa = PBXBuildFile; fileRef = D5571D612AA9F14F00F676F5 /* UIView+Extension.swift */; };
		D5571D652AAB58BA00F676F5 /* Rx+Util.swift in Sources */ = {isa = PBXBuildFile; fileRef = D5571D642AAB58BA00F676F5 /* Rx+Util.swift */; };
/* End PBXBuildFile section */

/* Begin PBXContainerItemProxy section */
		D5571CFE2AA484FE00F676F5 /* PBXContainerItemProxy */ = {
			isa = PBXContainerItemProxy;
			containerPortal = D5571CDF2AA484FD00F676F5 /* Project object */;
			proxyType = 1;
			remoteGlobalIDString = D5571CE62AA484FD00F676F5;
			remoteInfo = RickAndMortyDB;
		};
/* End PBXContainerItemProxy section */

/* Begin PBXFileReference section */
		D5571CE72AA484FD00F676F5 /* RickAndMortyDB.app */ = {isa = PBXFileReference; explicitFileType = wrapper.application; includeInIndex = 0; path = RickAndMortyDB.app; sourceTree = BUILT_PRODUCTS_DIR; };
		D5571CEA2AA484FD00F676F5 /* AppDelegate.swift */ = {isa = PBXFileReference; lastKnownFileType = sourcecode.swift; path = AppDelegate.swift; sourceTree = "<group>"; };
		D5571CEC2AA484FD00F676F5 /* SceneDelegate.swift */ = {isa = PBXFileReference; lastKnownFileType = sourcecode.swift; path = SceneDelegate.swift; sourceTree = "<group>"; };
		D5571CF32AA484FE00F676F5 /* Assets.xcassets */ = {isa = PBXFileReference; lastKnownFileType = folder.assetcatalog; path = Assets.xcassets; sourceTree = "<group>"; };
		D5571CF62AA484FE00F676F5 /* Base */ = {isa = PBXFileReference; lastKnownFileType = file.storyboard; name = Base; path = Base.lproj/LaunchScreen.storyboard; sourceTree = "<group>"; };
		D5571CF82AA484FE00F676F5 /* Info.plist */ = {isa = PBXFileReference; lastKnownFileType = text.plist.xml; path = Info.plist; sourceTree = "<group>"; };
		D5571CFD2AA484FE00F676F5 /* RickAndMortyDBTests.xctest */ = {isa = PBXFileReference; explicitFileType = wrapper.cfbundle; includeInIndex = 0; path = RickAndMortyDBTests.xctest; sourceTree = BUILT_PRODUCTS_DIR; };
		D5571D012AA484FE00F676F5 /* RickAndMortyDBTests.swift */ = {isa = PBXFileReference; lastKnownFileType = sourcecode.swift; path = RickAndMortyDBTests.swift; sourceTree = "<group>"; };
		D5571D222AA486C400F676F5 /* CharacterSearchViewController.swift */ = {isa = PBXFileReference; lastKnownFileType = sourcecode.swift; path = CharacterSearchViewController.swift; sourceTree = "<group>"; };
		D5571D352AA4891A00F676F5 /* RMTabBarController.swift */ = {isa = PBXFileReference; lastKnownFileType = sourcecode.swift; path = RMTabBarController.swift; sourceTree = "<group>"; };
		D5571D3C2AA49AF000F676F5 /* RMLocation.swift */ = {isa = PBXFileReference; lastKnownFileType = sourcecode.swift; path = RMLocation.swift; sourceTree = "<group>"; };
		D5571D3E2AA49AF800F676F5 /* RMCharacter.swift */ = {isa = PBXFileReference; lastKnownFileType = sourcecode.swift; path = RMCharacter.swift; sourceTree = "<group>"; };
		D5571D402AA49AFF00F676F5 /* RMEpisode.swift */ = {isa = PBXFileReference; lastKnownFileType = sourcecode.swift; path = RMEpisode.swift; sourceTree = "<group>"; };
		D5571D422AA58BE400F676F5 /* RMCharacterStatus.swift */ = {isa = PBXFileReference; lastKnownFileType = sourcecode.swift; path = RMCharacterStatus.swift; sourceTree = "<group>"; };
		D5571D442AA58C3500F676F5 /* RMGender.swift */ = {isa = PBXFileReference; lastKnownFileType = sourcecode.swift; path = RMGender.swift; sourceTree = "<group>"; };
		D5571D472AA58E9F00F676F5 /* HTTPClient.swift */ = {isa = PBXFileReference; lastKnownFileType = sourcecode.swift; path = HTTPClient.swift; sourceTree = "<group>"; };
		D5571D4B2AA58F3200F676F5 /* CharacterTarget.swift */ = {isa = PBXFileReference; lastKnownFileType = sourcecode.swift; path = CharacterTarget.swift; sourceTree = "<group>"; };
		D5571D4D2AA58F4100F676F5 /* APIComponent.swift */ = {isa = PBXFileReference; lastKnownFileType = sourcecode.swift; path = APIComponent.swift; sourceTree = "<group>"; };
		D5571D4F2AA5A1D900F676F5 /* Request.swift */ = {isa = PBXFileReference; lastKnownFileType = sourcecode.swift; path = Request.swift; sourceTree = "<group>"; };
		D5571D512AA5A50500F676F5 /* Request+Extension.swift */ = {isa = PBXFileReference; lastKnownFileType = sourcecode.swift; path = "Request+Extension.swift"; sourceTree = "<group>"; };
		D5571D542AA8143A00F676F5 /* RequestProvider.swift */ = {isa = PBXFileReference; lastKnownFileType = sourcecode.swift; path = RequestProvider.swift; sourceTree = "<group>"; };
		D5571D562AA9A36400F676F5 /* Network.swift */ = {isa = PBXFileReference; lastKnownFileType = sourcecode.swift; path = Network.swift; sourceTree = "<group>"; };
		D5571D582AA9ACC400F676F5 /* RMInfo.swift */ = {isa = PBXFileReference; lastKnownFileType = sourcecode.swift; path = RMInfo.swift; sourceTree = "<group>"; };
		D5571D5A2AA9EDEF00F676F5 /* CharacterListView.swift */ = {isa = PBXFileReference; lastKnownFileType = sourcecode.swift; path = CharacterListView.swift; sourceTree = "<group>"; };
		D5571D5C2AA9EF9500F676F5 /* CharacterListViewModel.swift */ = {isa = PBXFileReference; lastKnownFileType = sourcecode.swift; path = CharacterListViewModel.swift; sourceTree = "<group>"; };
		D5571D5F2AA9EFC600F676F5 /* ViewModelType.swift */ = {isa = PBXFileReference; lastKnownFileType = sourcecode.swift; path = ViewModelType.swift; sourceTree = "<group>"; };
		D5571D612AA9F14F00F676F5 /* UIView+Extension.swift */ = {isa = PBXFileReference; lastKnownFileType = sourcecode.swift; path = "UIView+Extension.swift"; sourceTree = "<group>"; };
		D5571D642AAB58BA00F676F5 /* Rx+Util.swift */ = {isa = PBXFileReference; lastKnownFileType = sourcecode.swift; path = "Rx+Util.swift"; sourceTree = "<group>"; };
/* End PBXFileReference section */

/* Begin PBXFrameworksBuildPhase section */
		D5571CE42AA484FD00F676F5 /* Frameworks */ = {
			isa = PBXFrameworksBuildPhase;
			buildActionMask = 2147483647;
			files = (
				D5571D322AA4883F00F676F5 /* RxKeyboard in Frameworks */,
				D5571D2A2AA4880C00F676F5 /* RxSwift in Frameworks */,
				D5571D282AA4880C00F676F5 /* RxRelay in Frameworks */,
				D5571D262AA4880C00F676F5 /* RxCocoa in Frameworks */,
				D5571D2F2AA4882000F676F5 /* SnapKit in Frameworks */,
			);
			runOnlyForDeploymentPostprocessing = 0;
		};
		D5571CFA2AA484FE00F676F5 /* Frameworks */ = {
			isa = PBXFrameworksBuildPhase;
			buildActionMask = 2147483647;
			files = (
				D5571D392AA48DAD00F676F5 /* RxTest in Frameworks */,
			);
			runOnlyForDeploymentPostprocessing = 0;
		};
/* End PBXFrameworksBuildPhase section */

/* Begin PBXGroup section */
		D5571CDE2AA484FD00F676F5 = {
			isa = PBXGroup;
			children = (
				D5571CE92AA484FD00F676F5 /* RickAndMortyDB */,
				D5571D002AA484FE00F676F5 /* RickAndMortyDBTests */,
				D5571CE82AA484FD00F676F5 /* Products */,
				D5571D372AA48DAD00F676F5 /* Frameworks */,
			);
			sourceTree = "<group>";
		};
		D5571CE82AA484FD00F676F5 /* Products */ = {
			isa = PBXGroup;
			children = (
				D5571CE72AA484FD00F676F5 /* RickAndMortyDB.app */,
				D5571CFD2AA484FE00F676F5 /* RickAndMortyDBTests.xctest */,
			);
			name = Products;
			sourceTree = "<group>";
		};
		D5571CE92AA484FD00F676F5 /* RickAndMortyDB */ = {
			isa = PBXGroup;
			children = (
				D5571D462AA58E5400F676F5 /* Network */,
				D5571D332AA4889C00F676F5 /* Resources */,
				D5571D3A2AA49ADA00F676F5 /* Domain */,
				D5571D1B2AA485F300F676F5 /* Data */,
				D5571D1A2AA485DE00F676F5 /* Presentation */,
				D5571CF82AA484FE00F676F5 /* Info.plist */,
			);
			path = RickAndMortyDB;
			sourceTree = "<group>";
		};
		D5571D002AA484FE00F676F5 /* RickAndMortyDBTests */ = {
			isa = PBXGroup;
			children = (
				D5571D012AA484FE00F676F5 /* RickAndMortyDBTests.swift */,
			);
			path = RickAndMortyDBTests;
			sourceTree = "<group>";
		};
		D5571D1A2AA485DE00F676F5 /* Presentation */ = {
			isa = PBXGroup;
			children = (
				D5571D632AAB58B000F676F5 /* Utils */,
				D5571D5E2AA9EFBE00F676F5 /* Common */,
				D5571D342AA488DD00F676F5 /* Shared */,
				D5571D1E2AA4865F00F676F5 /* Episode */,
				D5571D1D2AA4865B00F676F5 /* Location */,
				D5571D1C2AA4865500F676F5 /* Character */,
			);
			path = Presentation;
			sourceTree = "<group>";
		};
		D5571D1B2AA485F300F676F5 /* Data */ = {
			isa = PBXGroup;
			children = (
			);
			path = Data;
			sourceTree = "<group>";
		};
		D5571D1C2AA4865500F676F5 /* Character */ = {
			isa = PBXGroup;
			children = (
				D5571D1F2AA4867100F676F5 /* Search */,
				D5571D5A2AA9EDEF00F676F5 /* CharacterListView.swift */,
				D5571D5C2AA9EF9500F676F5 /* CharacterListViewModel.swift */,
			);
			path = Character;
			sourceTree = "<group>";
		};
		D5571D1D2AA4865B00F676F5 /* Location */ = {
			isa = PBXGroup;
			children = (
			);
			path = Location;
			sourceTree = "<group>";
		};
		D5571D1E2AA4865F00F676F5 /* Episode */ = {
			isa = PBXGroup;
			children = (
			);
			path = Episode;
			sourceTree = "<group>";
		};
		D5571D1F2AA4867100F676F5 /* Search */ = {
			isa = PBXGroup;
			children = (
				D5571D222AA486C400F676F5 /* CharacterSearchViewController.swift */,
			);
			path = Search;
			sourceTree = "<group>";
		};
		D5571D332AA4889C00F676F5 /* Resources */ = {
			isa = PBXGroup;
			children = (
				D5571CEA2AA484FD00F676F5 /* AppDelegate.swift */,
				D5571CEC2AA484FD00F676F5 /* SceneDelegate.swift */,
				D5571CF32AA484FE00F676F5 /* Assets.xcassets */,
				D5571CF52AA484FE00F676F5 /* LaunchScreen.storyboard */,
			);
			path = Resources;
			sourceTree = "<group>";
		};
		D5571D342AA488DD00F676F5 /* Shared */ = {
			isa = PBXGroup;
			children = (
				D5571D352AA4891A00F676F5 /* RMTabBarController.swift */,
			);
			path = Shared;
			sourceTree = "<group>";
		};
		D5571D372AA48DAD00F676F5 /* Frameworks */ = {
			isa = PBXGroup;
			children = (
			);
			name = Frameworks;
			sourceTree = "<group>";
		};
		D5571D3A2AA49ADA00F676F5 /* Domain */ = {
			isa = PBXGroup;
			children = (
				D5571D3B2AA49AE200F676F5 /* Model */,
			);
			path = Domain;
			sourceTree = "<group>";
		};
		D5571D3B2AA49AE200F676F5 /* Model */ = {
			isa = PBXGroup;
			children = (
				D5571D3C2AA49AF000F676F5 /* RMLocation.swift */,
				D5571D3E2AA49AF800F676F5 /* RMCharacter.swift */,
				D5571D402AA49AFF00F676F5 /* RMEpisode.swift */,
				D5571D422AA58BE400F676F5 /* RMCharacterStatus.swift */,
				D5571D442AA58C3500F676F5 /* RMGender.swift */,
				D5571D582AA9ACC400F676F5 /* RMInfo.swift */,
			);
			path = Model;
			sourceTree = "<group>";
		};
		D5571D462AA58E5400F676F5 /* Network */ = {
			isa = PBXGroup;
			children = (
				D5571D492AA58EF300F676F5 /* Target */,
				D5571D472AA58E9F00F676F5 /* HTTPClient.swift */,
				D5571D4D2AA58F4100F676F5 /* APIComponent.swift */,
				D5571D4F2AA5A1D900F676F5 /* Request.swift */,
				D5571D512AA5A50500F676F5 /* Request+Extension.swift */,
			);
			path = Network;
			sourceTree = "<group>";
		};
		D5571D492AA58EF300F676F5 /* Target */ = {
			isa = PBXGroup;
			children = (
				D5571D542AA8143A00F676F5 /* RequestProvider.swift */,
				D5571D4B2AA58F3200F676F5 /* CharacterTarget.swift */,
				D5571D562AA9A36400F676F5 /* Network.swift */,
			);
			path = Target;
			sourceTree = "<group>";
		};
		D5571D5E2AA9EFBE00F676F5 /* Common */ = {
			isa = PBXGroup;
			children = (
				D5571D5F2AA9EFC600F676F5 /* ViewModelType.swift */,
				D5571D612AA9F14F00F676F5 /* UIView+Extension.swift */,
			);
			path = Common;
			sourceTree = "<group>";
		};
		D5571D632AAB58B000F676F5 /* Utils */ = {
			isa = PBXGroup;
			children = (
				D5571D642AAB58BA00F676F5 /* Rx+Util.swift */,
			);
			path = Utils;
			sourceTree = "<group>";
		};
/* End PBXGroup section */

/* Begin PBXNativeTarget section */
		D5571CE62AA484FD00F676F5 /* RickAndMortyDB */ = {
			isa = PBXNativeTarget;
			buildConfigurationList = D5571D112AA484FE00F676F5 /* Build configuration list for PBXNativeTarget "RickAndMortyDB" */;
			buildPhases = (
				D5571CE32AA484FD00F676F5 /* Sources */,
				D5571CE42AA484FD00F676F5 /* Frameworks */,
				D5571CE52AA484FD00F676F5 /* Resources */,
			);
			buildRules = (
			);
			dependencies = (
			);
			name = RickAndMortyDB;
			packageProductDependencies = (
				D5571D252AA4880C00F676F5 /* RxCocoa */,
				D5571D272AA4880C00F676F5 /* RxRelay */,
				D5571D292AA4880C00F676F5 /* RxSwift */,
				D5571D2E2AA4882000F676F5 /* SnapKit */,
				D5571D312AA4883F00F676F5 /* RxKeyboard */,
			);
			productName = RickAndMortyDB;
			productReference = D5571CE72AA484FD00F676F5 /* RickAndMortyDB.app */;
			productType = "com.apple.product-type.application";
		};
		D5571CFC2AA484FE00F676F5 /* RickAndMortyDBTests */ = {
			isa = PBXNativeTarget;
			buildConfigurationList = D5571D142AA484FE00F676F5 /* Build configuration list for PBXNativeTarget "RickAndMortyDBTests" */;
			buildPhases = (
				D5571CF92AA484FE00F676F5 /* Sources */,
				D5571CFA2AA484FE00F676F5 /* Frameworks */,
				D5571CFB2AA484FE00F676F5 /* Resources */,
			);
			buildRules = (
			);
			dependencies = (
				D5571CFF2AA484FE00F676F5 /* PBXTargetDependency */,
			);
			name = RickAndMortyDBTests;
			packageProductDependencies = (
				D5571D382AA48DAD00F676F5 /* RxTest */,
			);
			productName = RickAndMortyDBTests;
			productReference = D5571CFD2AA484FE00F676F5 /* RickAndMortyDBTests.xctest */;
			productType = "com.apple.product-type.bundle.unit-test";
		};
/* End PBXNativeTarget section */

/* Begin PBXProject section */
		D5571CDF2AA484FD00F676F5 /* Project object */ = {
			isa = PBXProject;
			attributes = {
				BuildIndependentTargetsInParallel = 1;
				LastSwiftUpdateCheck = 1410;
				LastUpgradeCheck = 1410;
				TargetAttributes = {
					D5571CE62AA484FD00F676F5 = {
						CreatedOnToolsVersion = 14.1;
					};
					D5571CFC2AA484FE00F676F5 = {
						CreatedOnToolsVersion = 14.1;
						TestTargetID = D5571CE62AA484FD00F676F5;
					};
				};
			};
			buildConfigurationList = D5571CE22AA484FD00F676F5 /* Build configuration list for PBXProject "RickAndMortyDB" */;
			compatibilityVersion = "Xcode 14.0";
			developmentRegion = en;
			hasScannedForEncodings = 0;
			knownRegions = (
				en,
				Base,
			);
			mainGroup = D5571CDE2AA484FD00F676F5;
			packageReferences = (
				D5571D242AA4880C00F676F5 /* XCRemoteSwiftPackageReference "RxSwift" */,
				D5571D2D2AA4882000F676F5 /* XCRemoteSwiftPackageReference "SnapKit" */,
				D5571D302AA4883F00F676F5 /* XCRemoteSwiftPackageReference "RxKeyboard" */,
			);
			productRefGroup = D5571CE82AA484FD00F676F5 /* Products */;
			projectDirPath = "";
			projectRoot = "";
			targets = (
				D5571CE62AA484FD00F676F5 /* RickAndMortyDB */,
				D5571CFC2AA484FE00F676F5 /* RickAndMortyDBTests */,
			);
		};
/* End PBXProject section */

/* Begin PBXResourcesBuildPhase section */
		D5571CE52AA484FD00F676F5 /* Resources */ = {
			isa = PBXResourcesBuildPhase;
			buildActionMask = 2147483647;
			files = (
				D5571CF72AA484FE00F676F5 /* LaunchScreen.storyboard in Resources */,
				D5571CF42AA484FE00F676F5 /* Assets.xcassets in Resources */,
			);
			runOnlyForDeploymentPostprocessing = 0;
		};
		D5571CFB2AA484FE00F676F5 /* Resources */ = {
			isa = PBXResourcesBuildPhase;
			buildActionMask = 2147483647;
			files = (
			);
			runOnlyForDeploymentPostprocessing = 0;
		};
/* End PBXResourcesBuildPhase section */

/* Begin PBXSourcesBuildPhase section */
		D5571CE32AA484FD00F676F5 /* Sources */ = {
			isa = PBXSourcesBuildPhase;
			buildActionMask = 2147483647;
			files = (
				D5571D232AA486C400F676F5 /* CharacterSearchViewController.swift in Sources */,
				D5571D502AA5A1D900F676F5 /* Request.swift in Sources */,
				D5571D572AA9A36400F676F5 /* Network.swift in Sources */,
				D5571D412AA49AFF00F676F5 /* RMEpisode.swift in Sources */,
				D5571D432AA58BE400F676F5 /* RMCharacterStatus.swift in Sources */,
				D5571D3F2AA49AF800F676F5 /* RMCharacter.swift in Sources */,
				D5571D592AA9ACC400F676F5 /* RMInfo.swift in Sources */,
				D5571D362AA4891A00F676F5 /* RMTabBarController.swift in Sources */,
				D5571D602AA9EFC600F676F5 /* ViewModelType.swift in Sources */,
				D5571D552AA8143A00F676F5 /* RequestProvider.swift in Sources */,
				D5571CEB2AA484FD00F676F5 /* AppDelegate.swift in Sources */,
				D5571D4E2AA58F4100F676F5 /* APIComponent.swift in Sources */,
				D5571D482AA58E9F00F676F5 /* HTTPClient.swift in Sources */,
				D5571D652AAB58BA00F676F5 /* Rx+Util.swift in Sources */,
				D5571D5B2AA9EDEF00F676F5 /* CharacterListView.swift in Sources */,
				D5571D4C2AA58F3200F676F5 /* CharacterTarget.swift in Sources */,
				D5571D622AA9F14F00F676F5 /* UIView+Extension.swift in Sources */,
				D5571D3D2AA49AF000F676F5 /* RMLocation.swift in Sources */,
				D5571CED2AA484FD00F676F5 /* SceneDelegate.swift in Sources */,
				D5571D452AA58C3500F676F5 /* RMGender.swift in Sources */,
				D5571D522AA5A50500F676F5 /* Request+Extension.swift in Sources */,
				D5571D5D2AA9EF9500F676F5 /* CharacterListViewModel.swift in Sources */,
			);
			runOnlyForDeploymentPostprocessing = 0;
		};
		D5571CF92AA484FE00F676F5 /* Sources */ = {
			isa = PBXSourcesBuildPhase;
			buildActionMask = 2147483647;
			files = (
				D5571D022AA484FE00F676F5 /* RickAndMortyDBTests.swift in Sources */,
			);
			runOnlyForDeploymentPostprocessing = 0;
		};
/* End PBXSourcesBuildPhase section */

/* Begin PBXTargetDependency section */
		D5571CFF2AA484FE00F676F5 /* PBXTargetDependency */ = {
			isa = PBXTargetDependency;
			target = D5571CE62AA484FD00F676F5 /* RickAndMortyDB */;
			targetProxy = D5571CFE2AA484FE00F676F5 /* PBXContainerItemProxy */;
		};
/* End PBXTargetDependency section */

/* Begin PBXVariantGroup section */
		D5571CF52AA484FE00F676F5 /* LaunchScreen.storyboard */ = {
			isa = PBXVariantGroup;
			children = (
				D5571CF62AA484FE00F676F5 /* Base */,
			);
			name = LaunchScreen.storyboard;
			sourceTree = "<group>";
		};
/* End PBXVariantGroup section */

/* Begin XCBuildConfiguration section */
		D5571D0F2AA484FE00F676F5 /* Debug */ = {
			isa = XCBuildConfiguration;
			buildSettings = {
				ALWAYS_SEARCH_USER_PATHS = NO;
				CLANG_ANALYZER_NONNULL = YES;
				CLANG_ANALYZER_NUMBER_OBJECT_CONVERSION = YES_AGGRESSIVE;
				CLANG_CXX_LANGUAGE_STANDARD = "gnu++20";
				CLANG_ENABLE_MODULES = YES;
				CLANG_ENABLE_OBJC_ARC = YES;
				CLANG_ENABLE_OBJC_WEAK = YES;
				CLANG_WARN_BLOCK_CAPTURE_AUTORELEASING = YES;
				CLANG_WARN_BOOL_CONVERSION = YES;
				CLANG_WARN_COMMA = YES;
				CLANG_WARN_CONSTANT_CONVERSION = YES;
				CLANG_WARN_DEPRECATED_OBJC_IMPLEMENTATIONS = YES;
				CLANG_WARN_DIRECT_OBJC_ISA_USAGE = YES_ERROR;
				CLANG_WARN_DOCUMENTATION_COMMENTS = YES;
				CLANG_WARN_EMPTY_BODY = YES;
				CLANG_WARN_ENUM_CONVERSION = YES;
				CLANG_WARN_INFINITE_RECURSION = YES;
				CLANG_WARN_INT_CONVERSION = YES;
				CLANG_WARN_NON_LITERAL_NULL_CONVERSION = YES;
				CLANG_WARN_OBJC_IMPLICIT_RETAIN_SELF = YES;
				CLANG_WARN_OBJC_LITERAL_CONVERSION = YES;
				CLANG_WARN_OBJC_ROOT_CLASS = YES_ERROR;
				CLANG_WARN_QUOTED_INCLUDE_IN_FRAMEWORK_HEADER = YES;
				CLANG_WARN_RANGE_LOOP_ANALYSIS = YES;
				CLANG_WARN_STRICT_PROTOTYPES = YES;
				CLANG_WARN_SUSPICIOUS_MOVE = YES;
				CLANG_WARN_UNGUARDED_AVAILABILITY = YES_AGGRESSIVE;
				CLANG_WARN_UNREACHABLE_CODE = YES;
				CLANG_WARN__DUPLICATE_METHOD_MATCH = YES;
				COPY_PHASE_STRIP = NO;
				DEBUG_INFORMATION_FORMAT = dwarf;
				ENABLE_STRICT_OBJC_MSGSEND = YES;
				ENABLE_TESTABILITY = YES;
				ENABLE_TESTING_SEARCH_PATHS = YES;
				GCC_C_LANGUAGE_STANDARD = gnu11;
				GCC_DYNAMIC_NO_PIC = NO;
				GCC_NO_COMMON_BLOCKS = YES;
				GCC_OPTIMIZATION_LEVEL = 0;
				GCC_PREPROCESSOR_DEFINITIONS = (
					"DEBUG=1",
					"$(inherited)",
				);
				GCC_WARN_64_TO_32_BIT_CONVERSION = YES;
				GCC_WARN_ABOUT_RETURN_TYPE = YES_ERROR;
				GCC_WARN_UNDECLARED_SELECTOR = YES;
				GCC_WARN_UNINITIALIZED_AUTOS = YES_AGGRESSIVE;
				GCC_WARN_UNUSED_FUNCTION = YES;
				GCC_WARN_UNUSED_VARIABLE = YES;
				IPHONEOS_DEPLOYMENT_TARGET = 16.1;
				MTL_ENABLE_DEBUG_INFO = INCLUDE_SOURCE;
				MTL_FAST_MATH = YES;
				ONLY_ACTIVE_ARCH = YES;
				SDKROOT = iphoneos;
				SWIFT_ACTIVE_COMPILATION_CONDITIONS = DEBUG;
				SWIFT_OPTIMIZATION_LEVEL = "-Onone";
			};
			name = Debug;
		};
		D5571D102AA484FE00F676F5 /* Release */ = {
			isa = XCBuildConfiguration;
			buildSettings = {
				ALWAYS_SEARCH_USER_PATHS = NO;
				CLANG_ANALYZER_NONNULL = YES;
				CLANG_ANALYZER_NUMBER_OBJECT_CONVERSION = YES_AGGRESSIVE;
				CLANG_CXX_LANGUAGE_STANDARD = "gnu++20";
				CLANG_ENABLE_MODULES = YES;
				CLANG_ENABLE_OBJC_ARC = YES;
				CLANG_ENABLE_OBJC_WEAK = YES;
				CLANG_WARN_BLOCK_CAPTURE_AUTORELEASING = YES;
				CLANG_WARN_BOOL_CONVERSION = YES;
				CLANG_WARN_COMMA = YES;
				CLANG_WARN_CONSTANT_CONVERSION = YES;
				CLANG_WARN_DEPRECATED_OBJC_IMPLEMENTATIONS = YES;
				CLANG_WARN_DIRECT_OBJC_ISA_USAGE = YES_ERROR;
				CLANG_WARN_DOCUMENTATION_COMMENTS = YES;
				CLANG_WARN_EMPTY_BODY = YES;
				CLANG_WARN_ENUM_CONVERSION = YES;
				CLANG_WARN_INFINITE_RECURSION = YES;
				CLANG_WARN_INT_CONVERSION = YES;
				CLANG_WARN_NON_LITERAL_NULL_CONVERSION = YES;
				CLANG_WARN_OBJC_IMPLICIT_RETAIN_SELF = YES;
				CLANG_WARN_OBJC_LITERAL_CONVERSION = YES;
				CLANG_WARN_OBJC_ROOT_CLASS = YES_ERROR;
				CLANG_WARN_QUOTED_INCLUDE_IN_FRAMEWORK_HEADER = YES;
				CLANG_WARN_RANGE_LOOP_ANALYSIS = YES;
				CLANG_WARN_STRICT_PROTOTYPES = YES;
				CLANG_WARN_SUSPICIOUS_MOVE = YES;
				CLANG_WARN_UNGUARDED_AVAILABILITY = YES_AGGRESSIVE;
				CLANG_WARN_UNREACHABLE_CODE = YES;
				CLANG_WARN__DUPLICATE_METHOD_MATCH = YES;
				COPY_PHASE_STRIP = NO;
				DEBUG_INFORMATION_FORMAT = "dwarf-with-dsym";
				ENABLE_NS_ASSERTIONS = NO;
				ENABLE_STRICT_OBJC_MSGSEND = YES;
				ENABLE_TESTABILITY = NO;
				GCC_C_LANGUAGE_STANDARD = gnu11;
				GCC_NO_COMMON_BLOCKS = YES;
				GCC_WARN_64_TO_32_BIT_CONVERSION = YES;
				GCC_WARN_ABOUT_RETURN_TYPE = YES_ERROR;
				GCC_WARN_UNDECLARED_SELECTOR = YES;
				GCC_WARN_UNINITIALIZED_AUTOS = YES_AGGRESSIVE;
				GCC_WARN_UNUSED_FUNCTION = YES;
				GCC_WARN_UNUSED_VARIABLE = YES;
				IPHONEOS_DEPLOYMENT_TARGET = 16.1;
				MTL_ENABLE_DEBUG_INFO = NO;
				MTL_FAST_MATH = YES;
				SDKROOT = iphoneos;
				SWIFT_COMPILATION_MODE = wholemodule;
				SWIFT_OPTIMIZATION_LEVEL = "-O";
				VALIDATE_PRODUCT = YES;
			};
			name = Release;
		};
		D5571D122AA484FE00F676F5 /* Debug */ = {
			isa = XCBuildConfiguration;
			buildSettings = {
				ASSETCATALOG_COMPILER_APPICON_NAME = AppIcon;
				ASSETCATALOG_COMPILER_GLOBAL_ACCENT_COLOR_NAME = AccentColor;
				CODE_SIGN_STYLE = Automatic;
				CURRENT_PROJECT_VERSION = 1;
				DEVELOPMENT_TEAM = SJDR485DTV;
				GENERATE_INFOPLIST_FILE = YES;
				INFOPLIST_FILE = RickAndMortyDB/Info.plist;
				INFOPLIST_KEY_UIApplicationSupportsIndirectInputEvents = YES;
				INFOPLIST_KEY_UILaunchStoryboardName = LaunchScreen.storyboard;
				INFOPLIST_KEY_UISupportedInterfaceOrientations = UIInterfaceOrientationPortrait;
				LD_RUNPATH_SEARCH_PATHS = (
					"$(inherited)",
					"@executable_path/Frameworks",
				);
				MARKETING_VERSION = 1.0;
				PRODUCT_BUNDLE_IDENTIFIER = com.kangho.RickAndMortyDB;
				PRODUCT_NAME = "$(TARGET_NAME)";
				SUPPORTED_PLATFORMS = "iphoneos iphonesimulator";
				SUPPORTS_MACCATALYST = NO;
				SUPPORTS_MAC_DESIGNED_FOR_IPHONE_IPAD = NO;
				SWIFT_EMIT_LOC_STRINGS = YES;
				SWIFT_VERSION = 5.0;
				TARGETED_DEVICE_FAMILY = "1,2";
			};
			name = Debug;
		};
		D5571D132AA484FE00F676F5 /* Release */ = {
			isa = XCBuildConfiguration;
			buildSettings = {
				ASSETCATALOG_COMPILER_APPICON_NAME = AppIcon;
				ASSETCATALOG_COMPILER_GLOBAL_ACCENT_COLOR_NAME = AccentColor;
				CODE_SIGN_STYLE = Automatic;
				CURRENT_PROJECT_VERSION = 1;
				DEVELOPMENT_TEAM = SJDR485DTV;
				GENERATE_INFOPLIST_FILE = YES;
				INFOPLIST_FILE = RickAndMortyDB/Info.plist;
				INFOPLIST_KEY_UIApplicationSupportsIndirectInputEvents = YES;
				INFOPLIST_KEY_UILaunchStoryboardName = LaunchScreen.storyboard;
				INFOPLIST_KEY_UISupportedInterfaceOrientations = UIInterfaceOrientationPortrait;
				LD_RUNPATH_SEARCH_PATHS = (
					"$(inherited)",
					"@executable_path/Frameworks",
				);
				MARKETING_VERSION = 1.0;
				PRODUCT_BUNDLE_IDENTIFIER = com.kangho.RickAndMortyDB;
				PRODUCT_NAME = "$(TARGET_NAME)";
				SUPPORTED_PLATFORMS = "iphoneos iphonesimulator";
				SUPPORTS_MACCATALYST = NO;
				SUPPORTS_MAC_DESIGNED_FOR_IPHONE_IPAD = NO;
				SWIFT_EMIT_LOC_STRINGS = YES;
				SWIFT_VERSION = 5.0;
				TARGETED_DEVICE_FAMILY = "1,2";
			};
			name = Release;
		};
		D5571D152AA484FE00F676F5 /* Debug */ = {
			isa = XCBuildConfiguration;
			buildSettings = {
				ALWAYS_EMBED_SWIFT_STANDARD_LIBRARIES = YES;
				BUNDLE_LOADER = "$(TEST_HOST)";
				CODE_SIGN_STYLE = Automatic;
				CURRENT_PROJECT_VERSION = 1;
				DEVELOPMENT_TEAM = SJDR485DTV;
				GENERATE_INFOPLIST_FILE = YES;
				IPHONEOS_DEPLOYMENT_TARGET = 16.1;
				MARKETING_VERSION = 1.0;
				PRODUCT_BUNDLE_IDENTIFIER = com.kangho.RickAndMortyDBTests;
				PRODUCT_NAME = "$(TARGET_NAME)";
				SWIFT_EMIT_LOC_STRINGS = NO;
				SWIFT_VERSION = 5.0;
				TARGETED_DEVICE_FAMILY = "1,2";
				TEST_HOST = "$(BUILT_PRODUCTS_DIR)/RickAndMortyDB.app/$(BUNDLE_EXECUTABLE_FOLDER_PATH)/RickAndMortyDB";
			};
			name = Debug;
		};
		D5571D162AA484FE00F676F5 /* Release */ = {
			isa = XCBuildConfiguration;
			buildSettings = {
				ALWAYS_EMBED_SWIFT_STANDARD_LIBRARIES = YES;
				BUNDLE_LOADER = "$(TEST_HOST)";
				CODE_SIGN_STYLE = Automatic;
				CURRENT_PROJECT_VERSION = 1;
				DEVELOPMENT_TEAM = SJDR485DTV;
				GENERATE_INFOPLIST_FILE = YES;
				IPHONEOS_DEPLOYMENT_TARGET = 16.1;
				MARKETING_VERSION = 1.0;
				PRODUCT_BUNDLE_IDENTIFIER = com.kangho.RickAndMortyDBTests;
				PRODUCT_NAME = "$(TARGET_NAME)";
				SWIFT_EMIT_LOC_STRINGS = NO;
				SWIFT_VERSION = 5.0;
				TARGETED_DEVICE_FAMILY = "1,2";
				TEST_HOST = "$(BUILT_PRODUCTS_DIR)/RickAndMortyDB.app/$(BUNDLE_EXECUTABLE_FOLDER_PATH)/RickAndMortyDB";
			};
			name = Release;
		};
/* End XCBuildConfiguration section */

/* Begin XCConfigurationList section */
		D5571CE22AA484FD00F676F5 /* Build configuration list for PBXProject "RickAndMortyDB" */ = {
			isa = XCConfigurationList;
			buildConfigurations = (
				D5571D0F2AA484FE00F676F5 /* Debug */,
				D5571D102AA484FE00F676F5 /* Release */,
			);
			defaultConfigurationIsVisible = 0;
			defaultConfigurationName = Release;
		};
		D5571D112AA484FE00F676F5 /* Build configuration list for PBXNativeTarget "RickAndMortyDB" */ = {
			isa = XCConfigurationList;
			buildConfigurations = (
				D5571D122AA484FE00F676F5 /* Debug */,
				D5571D132AA484FE00F676F5 /* Release */,
			);
			defaultConfigurationIsVisible = 0;
			defaultConfigurationName = Release;
		};
		D5571D142AA484FE00F676F5 /* Build configuration list for PBXNativeTarget "RickAndMortyDBTests" */ = {
			isa = XCConfigurationList;
			buildConfigurations = (
				D5571D152AA484FE00F676F5 /* Debug */,
				D5571D162AA484FE00F676F5 /* Release */,
			);
			defaultConfigurationIsVisible = 0;
			defaultConfigurationName = Release;
		};
/* End XCConfigurationList section */

/* Begin XCRemoteSwiftPackageReference section */
		D5571D242AA4880C00F676F5 /* XCRemoteSwiftPackageReference "RxSwift" */ = {
			isa = XCRemoteSwiftPackageReference;
			repositoryURL = "https://github.com/ReactiveX/RxSwift.git";
			requirement = {
				branch = main;
				kind = branch;
			};
		};
		D5571D2D2AA4882000F676F5 /* XCRemoteSwiftPackageReference "SnapKit" */ = {
			isa = XCRemoteSwiftPackageReference;
			repositoryURL = "https://github.com/SnapKit/SnapKit.git";
			requirement = {
				branch = develop;
				kind = branch;
			};
		};
		D5571D302AA4883F00F676F5 /* XCRemoteSwiftPackageReference "RxKeyboard" */ = {
			isa = XCRemoteSwiftPackageReference;
			repositoryURL = "https://github.com/RxSwiftCommunity/RxKeyboard.git";
			requirement = {
				branch = master;
				kind = branch;
			};
		};
/* End XCRemoteSwiftPackageReference section */

/* Begin XCSwiftPackageProductDependency section */
		D5571D252AA4880C00F676F5 /* RxCocoa */ = {
			isa = XCSwiftPackageProductDependency;
			package = D5571D242AA4880C00F676F5 /* XCRemoteSwiftPackageReference "RxSwift" */;
			productName = RxCocoa;
		};
		D5571D272AA4880C00F676F5 /* RxRelay */ = {
			isa = XCSwiftPackageProductDependency;
			package = D5571D242AA4880C00F676F5 /* XCRemoteSwiftPackageReference "RxSwift" */;
			productName = RxRelay;
		};
		D5571D292AA4880C00F676F5 /* RxSwift */ = {
			isa = XCSwiftPackageProductDependency;
			package = D5571D242AA4880C00F676F5 /* XCRemoteSwiftPackageReference "RxSwift" */;
			productName = RxSwift;
		};
		D5571D2E2AA4882000F676F5 /* SnapKit */ = {
			isa = XCSwiftPackageProductDependency;
			package = D5571D2D2AA4882000F676F5 /* XCRemoteSwiftPackageReference "SnapKit" */;
			productName = SnapKit;
		};
		D5571D312AA4883F00F676F5 /* RxKeyboard */ = {
			isa = XCSwiftPackageProductDependency;
			package = D5571D302AA4883F00F676F5 /* XCRemoteSwiftPackageReference "RxKeyboard" */;
			productName = RxKeyboard;
		};
		D5571D382AA48DAD00F676F5 /* RxTest */ = {
			isa = XCSwiftPackageProductDependency;
			package = D5571D242AA4880C00F676F5 /* XCRemoteSwiftPackageReference "RxSwift" */;
			productName = RxTest;
		};
/* End XCSwiftPackageProductDependency section */
	};
	rootObject = D5571CDF2AA484FD00F676F5 /* Project object */;
}
